
Microsoft Visual Studio Solution File, Format Version 12.00
# Visual Studio Version 17
VisualStudioVersion = 17.0.31903.59
MinimumVisualStudioVersion = 10.0.40219.1
Project("{2150E333-8FDC-42A3-9474-1A3956D46DE8}") = "src", "src", "{0709649B-7BA2-464B-84E9-AD0DA850A450}"
EndProject
Project("{2150E333-8FDC-42A3-9474-1A3956D46DE8}") = "BuildingBlocks", "BuildingBlocks", "{A8FF9A5C-A572-4D0F-BDF6-76B8D37A9E34}"
EndProject
Project("{9A19103F-16F7-4668-BE54-9A1E7A4F7556}") = "Messaging", "src\BuildingBlocks\Messaging\Messaging.csproj", "{EF9922B8-0AB3-4D1A-835E-B82308554AF0}"
EndProject
Project("{9A19103F-16F7-4668-BE54-9A1E7A4F7556}") = "Messaging.Udp", "src\BuildingBlocks\Messaging.Udp\Messaging.Udp.csproj", "{4B4EE8C2-A28A-4F6D-9915-B6AA2B8D562D}"
EndProject
Project("{9A19103F-16F7-4668-BE54-9A1E7A4F7556}") = "Security", "src\BuildingBlocks\Security\Security.csproj", "{B90DCE00-1B31-4C50-B52C-923407F15C6C}"
EndProject
Project("{9A19103F-16F7-4668-BE54-9A1E7A4F7556}") = "Validation", "src\BuildingBlocks\Validation\Validation.csproj", "{14D2EF02-FFC4-4304-821E-24DD37CDEADD}"
EndProject
Project("{54A90642-561A-4BB1-A94E-469ADEE60C69}") = "TrainingDay.Web", "src\Web\TrainingDay.Web\TrainingDay.Web.esproj", "{F2A6F1BA-81B3-4455-A6F1-FB69B3050B38}"
EndProject
Project("{2150E333-8FDC-42A3-9474-1A3956D46DE8}") = "Web", "Web", "{FEE3D38E-B1A4-4A36-B422-34709C4951F2}"
EndProject
Project("{2150E333-8FDC-42A3-9474-1A3956D46DE8}") = "Services", "Services", "{F447CB86-E71E-4980-ACBC-1B3484AA95C2}"
EndProject
Project("{9A19103F-16F7-4668-BE54-9A1E7A4F7556}") = "Services.Common", "src\Services\Services.Common\Services.Common.csproj", "{C459923C-6C78-48FF-A665-375F44754BEF}"
EndProject
Project("{2150E333-8FDC-42A3-9474-1A3956D46DE8}") = "Skills", "Skills", "{0E9774F3-162F-4156-BC78-A804777BE988}"
EndProject
Project("{9A19103F-16F7-4668-BE54-9A1E7A4F7556}") = "Skills.Core", "src\Services\Skills\Skills.Core\Skills.Core.csproj", "{59A028C7-283D-49CF-ABDB-797750F4BA61}"
EndProject
Project("{9A19103F-16F7-4668-BE54-9A1E7A4F7556}") = "Skills.Core.Tests", "src\Services\Skills\Skills.Core.Tests\Skills.Core.Tests.csproj", "{BDD7E49C-55EF-4577-A0B8-43D6109C2971}"
EndProject
Project("{9A19103F-16F7-4668-BE54-9A1E7A4F7556}") = "Skills.Infrastructure", "src\Services\Skills\Skills.Infrastructure\Skills.Infrastructure.csproj", "{F9435A10-85BD-4D6E-800A-9121F35B8C4B}"
EndProject
Project("{9A19103F-16F7-4668-BE54-9A1E7A4F7556}") = "Skills.Infrastructure.Tests", "src\Services\Skills\Skills.Infrastructure.Tests\Skills.Infrastructure.Tests.csproj", "{338CDA82-18A5-4E6C-8D8B-A2CF66D5E3AC}"
EndProject
Project("{9A19103F-16F7-4668-BE54-9A1E7A4F7556}") = "Skills.Api", "src\Services\Skills\Skills.Api\Skills.Api.csproj", "{27D08397-9262-47CC-855C-B2655D100751}"
EndProject
Project("{9A19103F-16F7-4668-BE54-9A1E7A4F7556}") = "Skills.Api.Tests", "src\Services\Skills\Skills.Api.Tests\Skills.Api.Tests.csproj", "{9F7FFD29-B1ED-4231-B228-9083E2C0C587}"
EndProject
Global
	GlobalSection(SolutionConfigurationPlatforms) = preSolution
		Debug|Any CPU = Debug|Any CPU
		Release|Any CPU = Release|Any CPU
	EndGlobalSection
	GlobalSection(ProjectConfigurationPlatforms) = postSolution
		{EF9922B8-0AB3-4D1A-835E-B82308554AF0}.Debug|Any CPU.ActiveCfg = Debug|Any CPU
		{EF9922B8-0AB3-4D1A-835E-B82308554AF0}.Debug|Any CPU.Build.0 = Debug|Any CPU
		{EF9922B8-0AB3-4D1A-835E-B82308554AF0}.Release|Any CPU.ActiveCfg = Release|Any CPU
		{EF9922B8-0AB3-4D1A-835E-B82308554AF0}.Release|Any CPU.Build.0 = Release|Any CPU
		{4B4EE8C2-A28A-4F6D-9915-B6AA2B8D562D}.Debug|Any CPU.ActiveCfg = Debug|Any CPU
		{4B4EE8C2-A28A-4F6D-9915-B6AA2B8D562D}.Debug|Any CPU.Build.0 = Debug|Any CPU
		{4B4EE8C2-A28A-4F6D-9915-B6AA2B8D562D}.Release|Any CPU.ActiveCfg = Release|Any CPU
		{4B4EE8C2-A28A-4F6D-9915-B6AA2B8D562D}.Release|Any CPU.Build.0 = Release|Any CPU
		{B90DCE00-1B31-4C50-B52C-923407F15C6C}.Debug|Any CPU.ActiveCfg = Debug|Any CPU
		{B90DCE00-1B31-4C50-B52C-923407F15C6C}.Debug|Any CPU.Build.0 = Debug|Any CPU
		{B90DCE00-1B31-4C50-B52C-923407F15C6C}.Release|Any CPU.ActiveCfg = Release|Any CPU
		{B90DCE00-1B31-4C50-B52C-923407F15C6C}.Release|Any CPU.Build.0 = Release|Any CPU
		{14D2EF02-FFC4-4304-821E-24DD37CDEADD}.Debug|Any CPU.ActiveCfg = Debug|Any CPU
		{14D2EF02-FFC4-4304-821E-24DD37CDEADD}.Debug|Any CPU.Build.0 = Debug|Any CPU
		{14D2EF02-FFC4-4304-821E-24DD37CDEADD}.Release|Any CPU.ActiveCfg = Release|Any CPU
		{14D2EF02-FFC4-4304-821E-24DD37CDEADD}.Release|Any CPU.Build.0 = Release|Any CPU
		{F2A6F1BA-81B3-4455-A6F1-FB69B3050B38}.Debug|Any CPU.ActiveCfg = Debug|Any CPU
		{F2A6F1BA-81B3-4455-A6F1-FB69B3050B38}.Debug|Any CPU.Build.0 = Debug|Any CPU
		{F2A6F1BA-81B3-4455-A6F1-FB69B3050B38}.Debug|Any CPU.Deploy.0 = Debug|Any CPU
		{F2A6F1BA-81B3-4455-A6F1-FB69B3050B38}.Release|Any CPU.ActiveCfg = Release|Any CPU
		{F2A6F1BA-81B3-4455-A6F1-FB69B3050B38}.Release|Any CPU.Build.0 = Release|Any CPU
		{F2A6F1BA-81B3-4455-A6F1-FB69B3050B38}.Release|Any CPU.Deploy.0 = Release|Any CPU
		{C459923C-6C78-48FF-A665-375F44754BEF}.Debug|Any CPU.ActiveCfg = Debug|Any CPU
		{C459923C-6C78-48FF-A665-375F44754BEF}.Debug|Any CPU.Build.0 = Debug|Any CPU
		{C459923C-6C78-48FF-A665-375F44754BEF}.Release|Any CPU.ActiveCfg = Release|Any CPU
		{C459923C-6C78-48FF-A665-375F44754BEF}.Release|Any CPU.Build.0 = Release|Any CPU
		{59A028C7-283D-49CF-ABDB-797750F4BA61}.Debug|Any CPU.ActiveCfg = Debug|Any CPU
		{59A028C7-283D-49CF-ABDB-797750F4BA61}.Debug|Any CPU.Build.0 = Debug|Any CPU
		{59A028C7-283D-49CF-ABDB-797750F4BA61}.Release|Any CPU.ActiveCfg = Release|Any CPU
		{59A028C7-283D-49CF-ABDB-797750F4BA61}.Release|Any CPU.Build.0 = Release|Any CPU
		{BDD7E49C-55EF-4577-A0B8-43D6109C2971}.Debug|Any CPU.ActiveCfg = Debug|Any CPU
		{BDD7E49C-55EF-4577-A0B8-43D6109C2971}.Debug|Any CPU.Build.0 = Debug|Any CPU
		{BDD7E49C-55EF-4577-A0B8-43D6109C2971}.Release|Any CPU.ActiveCfg = Release|Any CPU
		{BDD7E49C-55EF-4577-A0B8-43D6109C2971}.Release|Any CPU.Build.0 = Release|Any CPU
		{F9435A10-85BD-4D6E-800A-9121F35B8C4B}.Debug|Any CPU.ActiveCfg = Debug|Any CPU
		{F9435A10-85BD-4D6E-800A-9121F35B8C4B}.Debug|Any CPU.Build.0 = Debug|Any CPU
		{F9435A10-85BD-4D6E-800A-9121F35B8C4B}.Release|Any CPU.ActiveCfg = Release|Any CPU
		{F9435A10-85BD-4D6E-800A-9121F35B8C4B}.Release|Any CPU.Build.0 = Release|Any CPU
		{338CDA82-18A5-4E6C-8D8B-A2CF66D5E3AC}.Debug|Any CPU.ActiveCfg = Debug|Any CPU
		{338CDA82-18A5-4E6C-8D8B-A2CF66D5E3AC}.Debug|Any CPU.Build.0 = Debug|Any CPU
		{338CDA82-18A5-4E6C-8D8B-A2CF66D5E3AC}.Release|Any CPU.ActiveCfg = Release|Any CPU
		{338CDA82-18A5-4E6C-8D8B-A2CF66D5E3AC}.Release|Any CPU.Build.0 = Release|Any CPU
		{27D08397-9262-47CC-855C-B2655D100751}.Debug|Any CPU.ActiveCfg = Debug|Any CPU
		{27D08397-9262-47CC-855C-B2655D100751}.Debug|Any CPU.Build.0 = Debug|Any CPU
		{27D08397-9262-47CC-855C-B2655D100751}.Release|Any CPU.ActiveCfg = Release|Any CPU
		{27D08397-9262-47CC-855C-B2655D100751}.Release|Any CPU.Build.0 = Release|Any CPU
		{9F7FFD29-B1ED-4231-B228-9083E2C0C587}.Debug|Any CPU.ActiveCfg = Debug|Any CPU
		{9F7FFD29-B1ED-4231-B228-9083E2C0C587}.Debug|Any CPU.Build.0 = Debug|Any CPU
		{9F7FFD29-B1ED-4231-B228-9083E2C0C587}.Release|Any CPU.ActiveCfg = Release|Any CPU
		{9F7FFD29-B1ED-4231-B228-9083E2C0C587}.Release|Any CPU.Build.0 = Release|Any CPU
	EndGlobalSection
	GlobalSection(SolutionProperties) = preSolution
		HideSolutionNode = FALSE
	EndGlobalSection
	GlobalSection(NestedProjects) = preSolution
		{A8FF9A5C-A572-4D0F-BDF6-76B8D37A9E34} = {0709649B-7BA2-464B-84E9-AD0DA850A450}
		{EF9922B8-0AB3-4D1A-835E-B82308554AF0} = {A8FF9A5C-A572-4D0F-BDF6-76B8D37A9E34}
		{4B4EE8C2-A28A-4F6D-9915-B6AA2B8D562D} = {A8FF9A5C-A572-4D0F-BDF6-76B8D37A9E34}
		{B90DCE00-1B31-4C50-B52C-923407F15C6C} = {A8FF9A5C-A572-4D0F-BDF6-76B8D37A9E34}
		{14D2EF02-FFC4-4304-821E-24DD37CDEADD} = {A8FF9A5C-A572-4D0F-BDF6-76B8D37A9E34}
		{F2A6F1BA-81B3-4455-A6F1-FB69B3050B38} = {FEE3D38E-B1A4-4A36-B422-34709C4951F2}
		{FEE3D38E-B1A4-4A36-B422-34709C4951F2} = {0709649B-7BA2-464B-84E9-AD0DA850A450}
		{F447CB86-E71E-4980-ACBC-1B3484AA95C2} = {0709649B-7BA2-464B-84E9-AD0DA850A450}
		{C459923C-6C78-48FF-A665-375F44754BEF} = {F447CB86-E71E-4980-ACBC-1B3484AA95C2}
		{0E9774F3-162F-4156-BC78-A804777BE988} = {F447CB86-E71E-4980-ACBC-1B3484AA95C2}
		{59A028C7-283D-49CF-ABDB-797750F4BA61} = {0E9774F3-162F-4156-BC78-A804777BE988}
		{BDD7E49C-55EF-4577-A0B8-43D6109C2971} = {0E9774F3-162F-4156-BC78-A804777BE988}
		{F9435A10-85BD-4D6E-800A-9121F35B8C4B} = {0E9774F3-162F-4156-BC78-A804777BE988}
		{338CDA82-18A5-4E6C-8D8B-A2CF66D5E3AC} = {0E9774F3-162F-4156-BC78-A804777BE988}
		{27D08397-9262-47CC-855C-B2655D100751} = {0E9774F3-162F-4156-BC78-A804777BE988}
		{9F7FFD29-B1ED-4231-B228-9083E2C0C587} = {0E9774F3-162F-4156-BC78-A804777BE988}
	EndGlobalSection
EndGlobal
