
Microsoft Visual Studio Solution File, Format Version 12.00
# Visual Studio Version 17
VisualStudioVersion = 17.0.31903.59
MinimumVisualStudioVersion = 10.0.40219.1
Project("{2150E333-8FDC-42A3-9474-1A3956D46DE8}") = "src", "src", "{0709649B-7BA2-464B-84E9-AD0DA850A450}"
EndProject
Project("{2150E333-8FDC-42A3-9474-1A3956D46DE8}") = "BuildingBlocks", "BuildingBlocks", "{A8FF9A5C-A572-4D0F-BDF6-76B8D37A9E34}"
EndProject
Project("{9A19103F-16F7-4668-BE54-9A1E7A4F7556}") = "Messaging", "src\BuildingBlocks\Messaging\Messaging.csproj", "{EF9922B8-0AB3-4D1A-835E-B82308554AF0}"
EndProject
Project("{9A19103F-16F7-4668-BE54-9A1E7A4F7556}") = "Messaging.Udp", "src\BuildingBlocks\Messaging.Udp\Messaging.Udp.csproj", "{4B4EE8C2-A28A-4F6D-9915-B6AA2B8D562D}"
EndProject
Project("{9A19103F-16F7-4668-BE54-9A1E7A4F7556}") = "Security", "src\BuildingBlocks\Security\Security.csproj", "{B90DCE00-1B31-4C50-B52C-923407F15C6C}"
EndProject
Project("{9A19103F-16F7-4668-BE54-9A1E7A4F7556}") = "Kernel", "src\BuildingBlocks\Kernel\Kernel.csproj", "{A4AB673F-A1AA-4A9C-B16E-CCA440B03A5F}"
EndProject
Project("{9A19103F-16F7-4668-BE54-9A1E7A4F7556}") = "Validation", "src\BuildingBlocks\Validation\Validation.csproj", "{14D2EF02-FFC4-4304-821E-24DD37CDEADD}"
EndProject
Project("{54A90642-561A-4BB1-A94E-469ADEE60C69}") = "TrainingDay.Web", "src\Web\TrainingDay.Web\TrainingDay.Web.esproj", "{F2A6F1BA-81B3-4455-A6F1-FB69B3050B38}"
EndProject
Project("{2150E333-8FDC-42A3-9474-1A3956D46DE8}") = "Web", "Web", "{FEE3D38E-B1A4-4A36-B422-34709C4951F2}"
EndProject
Project("{2150E333-8FDC-42A3-9474-1A3956D46DE8}") = "Services", "Services", "{F447CB86-E71E-4980-ACBC-1B3484AA95C2}"
EndProject
Project("{FAE04EC0-301F-11D3-BF4B-00C04F79EFBC}") = "TrainingDay.Api", "src\Services\TrainingDay.Api\TrainingDay.Api.csproj", "{EA4B6966-EF0E-4EA4-90B6-2D0E9E7428DF}"
EndProject
Project("{FAE04EC0-301F-11D3-BF4B-00C04F79EFBC}") = "TrainingDay.Core", "src\Services\TrainingDay.Core\TrainingDay.Core.csproj", "{73B6F708-9860-4B79-8F9C-B3041057BB6F}"
EndProject
Project("{FAE04EC0-301F-11D3-BF4B-00C04F79EFBC}") = "TrainingDay.Infrastructure", "src\Services\TrainingDay.Infrastructure\TrainingDay.Infrastructure.csproj", "{C37CAFAA-10FF-4D75-BF9F-0D878D267C3A}"
EndProject
Global
	GlobalSection(SolutionConfigurationPlatforms) = preSolution
		Debug|Any CPU = Debug|Any CPU
		Release|Any CPU = Release|Any CPU
	EndGlobalSection
	GlobalSection(ProjectConfigurationPlatforms) = postSolution
		{EF9922B8-0AB3-4D1A-835E-B82308554AF0}.Debug|Any CPU.ActiveCfg = Debug|Any CPU
		{EF9922B8-0AB3-4D1A-835E-B82308554AF0}.Debug|Any CPU.Build.0 = Debug|Any CPU
		{EF9922B8-0AB3-4D1A-835E-B82308554AF0}.Release|Any CPU.ActiveCfg = Release|Any CPU
		{EF9922B8-0AB3-4D1A-835E-B82308554AF0}.Release|Any CPU.Build.0 = Release|Any CPU
		{4B4EE8C2-A28A-4F6D-9915-B6AA2B8D562D}.Debug|Any CPU.ActiveCfg = Debug|Any CPU
		{4B4EE8C2-A28A-4F6D-9915-B6AA2B8D562D}.Debug|Any CPU.Build.0 = Debug|Any CPU
		{4B4EE8C2-A28A-4F6D-9915-B6AA2B8D562D}.Release|Any CPU.ActiveCfg = Release|Any CPU
		{4B4EE8C2-A28A-4F6D-9915-B6AA2B8D562D}.Release|Any CPU.Build.0 = Release|Any CPU
		{B90DCE00-1B31-4C50-B52C-923407F15C6C}.Debug|Any CPU.ActiveCfg = Debug|Any CPU
		{B90DCE00-1B31-4C50-B52C-923407F15C6C}.Debug|Any CPU.Build.0 = Debug|Any CPU
		{B90DCE00-1B31-4C50-B52C-923407F15C6C}.Release|Any CPU.ActiveCfg = Release|Any CPU
		{B90DCE00-1B31-4C50-B52C-923407F15C6C}.Release|Any CPU.Build.0 = Release|Any CPU
		{A4AB673F-A1AA-4A9C-B16E-CCA440B03A5F}.Debug|Any CPU.ActiveCfg = Debug|Any CPU
		{A4AB673F-A1AA-4A9C-B16E-CCA440B03A5F}.Debug|Any CPU.Build.0 = Debug|Any CPU
		{A4AB673F-A1AA-4A9C-B16E-CCA440B03A5F}.Release|Any CPU.ActiveCfg = Release|Any CPU
		{A4AB673F-A1AA-4A9C-B16E-CCA440B03A5F}.Release|Any CPU.Build.0 = Release|Any CPU
		{14D2EF02-FFC4-4304-821E-24DD37CDEADD}.Debug|Any CPU.ActiveCfg = Debug|Any CPU
		{14D2EF02-FFC4-4304-821E-24DD37CDEADD}.Debug|Any CPU.Build.0 = Debug|Any CPU
		{14D2EF02-FFC4-4304-821E-24DD37CDEADD}.Release|Any CPU.ActiveCfg = Release|Any CPU
		{14D2EF02-FFC4-4304-821E-24DD37CDEADD}.Release|Any CPU.Build.0 = Release|Any CPU
		{F2A6F1BA-81B3-4455-A6F1-FB69B3050B38}.Debug|Any CPU.ActiveCfg = Debug|Any CPU
		{F2A6F1BA-81B3-4455-A6F1-FB69B3050B38}.Debug|Any CPU.Build.0 = Debug|Any CPU
		{F2A6F1BA-81B3-4455-A6F1-FB69B3050B38}.Debug|Any CPU.Deploy.0 = Debug|Any CPU
		{F2A6F1BA-81B3-4455-A6F1-FB69B3050B38}.Release|Any CPU.ActiveCfg = Release|Any CPU
		{F2A6F1BA-81B3-4455-A6F1-FB69B3050B38}.Release|Any CPU.Build.0 = Release|Any CPU
		{F2A6F1BA-81B3-4455-A6F1-FB69B3050B38}.Release|Any CPU.Deploy.0 = Release|Any CPU
		{EA4B6966-EF0E-4EA4-90B6-2D0E9E7428DF}.Debug|Any CPU.ActiveCfg = Debug|Any CPU
		{EA4B6966-EF0E-4EA4-90B6-2D0E9E7428DF}.Debug|Any CPU.Build.0 = Debug|Any CPU
		{EA4B6966-EF0E-4EA4-90B6-2D0E9E7428DF}.Release|Any CPU.ActiveCfg = Release|Any CPU
		{EA4B6966-EF0E-4EA4-90B6-2D0E9E7428DF}.Release|Any CPU.Build.0 = Release|Any CPU
		{73B6F708-9860-4B79-8F9C-B3041057BB6F}.Debug|Any CPU.ActiveCfg = Debug|Any CPU
		{73B6F708-9860-4B79-8F9C-B3041057BB6F}.Debug|Any CPU.Build.0 = Debug|Any CPU
		{73B6F708-9860-4B79-8F9C-B3041057BB6F}.Release|Any CPU.ActiveCfg = Release|Any CPU
		{73B6F708-9860-4B79-8F9C-B3041057BB6F}.Release|Any CPU.Build.0 = Release|Any CPU
		{C37CAFAA-10FF-4D75-BF9F-0D878D267C3A}.Debug|Any CPU.ActiveCfg = Debug|Any CPU
		{C37CAFAA-10FF-4D75-BF9F-0D878D267C3A}.Debug|Any CPU.Build.0 = Debug|Any CPU
		{C37CAFAA-10FF-4D75-BF9F-0D878D267C3A}.Release|Any CPU.ActiveCfg = Release|Any CPU
		{C37CAFAA-10FF-4D75-BF9F-0D878D267C3A}.Release|Any CPU.Build.0 = Release|Any CPU
	EndGlobalSection
	GlobalSection(SolutionProperties) = preSolution
		HideSolutionNode = FALSE
	EndGlobalSection
	GlobalSection(NestedProjects) = preSolution
		{A8FF9A5C-A572-4D0F-BDF6-76B8D37A9E34} = {0709649B-7BA2-464B-84E9-AD0DA850A450}
		{EF9922B8-0AB3-4D1A-835E-B82308554AF0} = {A8FF9A5C-A572-4D0F-BDF6-76B8D37A9E34}
		{4B4EE8C2-A28A-4F6D-9915-B6AA2B8D562D} = {A8FF9A5C-A572-4D0F-BDF6-76B8D37A9E34}
		{B90DCE00-1B31-4C50-B52C-923407F15C6C} = {A8FF9A5C-A572-4D0F-BDF6-76B8D37A9E34}
		{A4AB673F-A1AA-4A9C-B16E-CCA440B03A5F} = {A8FF9A5C-A572-4D0F-BDF6-76B8D37A9E34}
		{14D2EF02-FFC4-4304-821E-24DD37CDEADD} = {A8FF9A5C-A572-4D0F-BDF6-76B8D37A9E34}
		{F2A6F1BA-81B3-4455-A6F1-FB69B3050B38} = {FEE3D38E-B1A4-4A36-B422-34709C4951F2}
		{FEE3D38E-B1A4-4A36-B422-34709C4951F2} = {0709649B-7BA2-464B-84E9-AD0DA850A450}
		{F447CB86-E71E-4980-ACBC-1B3484AA95C2} = {0709649B-7BA2-464B-84E9-AD0DA850A450}
		{EA4B6966-EF0E-4EA4-90B6-2D0E9E7428DF} = {F447CB86-E71E-4980-ACBC-1B3484AA95C2}
		{73B6F708-9860-4B79-8F9C-B3041057BB6F} = {F447CB86-E71E-4980-ACBC-1B3484AA95C2}
		{C37CAFAA-10FF-4D75-BF9F-0D878D267C3A} = {F447CB86-E71E-4980-ACBC-1B3484AA95C2}
	EndGlobalSection
EndGlobal
